// !$*UTF8*$!
{
	archiveVersion = 1;
	classes = {
	};
	objectVersion = 51;
	objects = {

/* Begin PBXBuildFile section */
		960CAA09C76B867927E301B6 /* Pods_TSE_Profiler.framework in Frameworks */ = {isa = PBXBuildFile; fileRef = D4EDFF71886E8D87943F87EC /* Pods_TSE_Profiler.framework */; };
		EC032DE7246B8BF200AADEEA /* AppDelegate.swift in Sources */ = {isa = PBXBuildFile; fileRef = EC032DE6246B8BF200AADEEA /* AppDelegate.swift */; };
		EC032DE9246B8BF200AADEEA /* SceneDelegate.swift in Sources */ = {isa = PBXBuildFile; fileRef = EC032DE8246B8BF200AADEEA /* SceneDelegate.swift */; };
		EC032DEB246B8BF200AADEEA /* TSEListViewController.swift in Sources */ = {isa = PBXBuildFile; fileRef = EC032DEA246B8BF200AADEEA /* TSEListViewController.swift */; };
		EC032DEE246B8BF200AADEEA /* Main.storyboard in Resources */ = {isa = PBXBuildFile; fileRef = EC032DEC246B8BF200AADEEA /* Main.storyboard */; };
		EC032DF0246B8BF400AADEEA /* Assets.xcassets in Resources */ = {isa = PBXBuildFile; fileRef = EC032DEF246B8BF400AADEEA /* Assets.xcassets */; };
		EC032DF3246B8BF400AADEEA /* LaunchScreen.storyboard in Resources */ = {isa = PBXBuildFile; fileRef = EC032DF1246B8BF400AADEEA /* LaunchScreen.storyboard */; };
		EC032DFE246B941200AADEEA /* TSE.swift in Sources */ = {isa = PBXBuildFile; fileRef = EC032DFD246B941200AADEEA /* TSE.swift */; };
		EC032E02246BBF1200AADEEA /* TSETasks.swift in Sources */ = {isa = PBXBuildFile; fileRef = EC032E01246BBF1200AADEEA /* TSETasks.swift */; };
/* End PBXBuildFile section */

/* Begin PBXFileReference section */
		D4EDFF71886E8D87943F87EC /* Pods_TSE_Profiler.framework */ = {isa = PBXFileReference; explicitFileType = wrapper.framework; includeInIndex = 0; path = Pods_TSE_Profiler.framework; sourceTree = BUILT_PRODUCTS_DIR; };
		E34A9A8F74E70F9CE63D8FDA /* Pods-TSE Profiler.release.xcconfig */ = {isa = PBXFileReference; includeInIndex = 1; lastKnownFileType = text.xcconfig; name = "Pods-TSE Profiler.release.xcconfig"; path = "Target Support Files/Pods-TSE Profiler/Pods-TSE Profiler.release.xcconfig"; sourceTree = "<group>"; };
		EC032DE3246B8BF200AADEEA /* TSE Profiler.app */ = {isa = PBXFileReference; explicitFileType = wrapper.application; includeInIndex = 0; path = "TSE Profiler.app"; sourceTree = BUILT_PRODUCTS_DIR; };
		EC032DE6246B8BF200AADEEA /* AppDelegate.swift */ = {isa = PBXFileReference; lastKnownFileType = sourcecode.swift; path = AppDelegate.swift; sourceTree = "<group>"; };
		EC032DE8246B8BF200AADEEA /* SceneDelegate.swift */ = {isa = PBXFileReference; lastKnownFileType = sourcecode.swift; path = SceneDelegate.swift; sourceTree = "<group>"; };
		EC032DEA246B8BF200AADEEA /* TSEListViewController.swift */ = {isa = PBXFileReference; lastKnownFileType = sourcecode.swift; path = TSEListViewController.swift; sourceTree = "<group>"; };
		EC032DED246B8BF200AADEEA /* Base */ = {isa = PBXFileReference; lastKnownFileType = file.storyboard; name = Base; path = Base.lproj/Main.storyboard; sourceTree = "<group>"; };
		EC032DEF246B8BF400AADEEA /* Assets.xcassets */ = {isa = PBXFileReference; lastKnownFileType = folder.assetcatalog; path = Assets.xcassets; sourceTree = "<group>"; };
		EC032DF2246B8BF400AADEEA /* Base */ = {isa = PBXFileReference; lastKnownFileType = file.storyboard; name = Base; path = Base.lproj/LaunchScreen.storyboard; sourceTree = "<group>"; };
		EC032DF4246B8BF400AADEEA /* Info.plist */ = {isa = PBXFileReference; lastKnownFileType = text.plist.xml; path = Info.plist; sourceTree = "<group>"; };
		EC032DFD246B941200AADEEA /* TSE.swift */ = {isa = PBXFileReference; lastKnownFileType = sourcecode.swift; path = TSE.swift; sourceTree = "<group>"; };
		EC032E01246BBF1200AADEEA /* TSETasks.swift */ = {isa = PBXFileReference; lastKnownFileType = sourcecode.swift; path = TSETasks.swift; sourceTree = "<group>"; };
		FC09003B9C760E767399CB2C /* Pods-TSE Profiler.debug.xcconfig */ = {isa = PBXFileReference; includeInIndex = 1; lastKnownFileType = text.xcconfig; name = "Pods-TSE Profiler.debug.xcconfig"; path = "Target Support Files/Pods-TSE Profiler/Pods-TSE Profiler.debug.xcconfig"; sourceTree = "<group>"; };
/* End PBXFileReference section */

/* Begin PBXFrameworksBuildPhase section */
		EC032DE0246B8BF200AADEEA /* Frameworks */ = {
			isa = PBXFrameworksBuildPhase;
			buildActionMask = 2147483647;
			files = (
				960CAA09C76B867927E301B6 /* Pods_TSE_Profiler.framework in Frameworks */,
			);
			runOnlyForDeploymentPostprocessing = 0;
		};
/* End PBXFrameworksBuildPhase section */

/* Begin PBXGroup section */
		00FC08F28B48C5746D9BE9C0 /* Frameworks */ = {
			isa = PBXGroup;
			children = (
				D4EDFF71886E8D87943F87EC /* Pods_TSE_Profiler.framework */,
			);
			name = Frameworks;
			sourceTree = "<group>";
		};
		EB7E4F3F7305A9AABC9EEA40 /* Pods */ = {
			isa = PBXGroup;
			children = (
				FC09003B9C760E767399CB2C /* Pods-TSE Profiler.debug.xcconfig */,
				E34A9A8F74E70F9CE63D8FDA /* Pods-TSE Profiler.release.xcconfig */,
			);
			path = Pods;
			sourceTree = "<group>";
		};
		EC032DDA246B8BF200AADEEA = {
			isa = PBXGroup;
			children = (
				EC032DE5246B8BF200AADEEA /* TSE Profiler */,
				EC032DE4246B8BF200AADEEA /* Products */,
				EB7E4F3F7305A9AABC9EEA40 /* Pods */,
				00FC08F28B48C5746D9BE9C0 /* Frameworks */,
			);
			sourceTree = "<group>";
		};
		EC032DE4246B8BF200AADEEA /* Products */ = {
			isa = PBXGroup;
			children = (
				EC032DE3246B8BF200AADEEA /* TSE Profiler.app */,
			);
			name = Products;
			sourceTree = "<group>";
		};
		EC032DE5246B8BF200AADEEA /* TSE Profiler */ = {
			isa = PBXGroup;
			children = (
				EC032DE6246B8BF200AADEEA /* AppDelegate.swift */,
				EC032DE8246B8BF200AADEEA /* SceneDelegate.swift */,
				EC032DFC246B8D4F00AADEEA /* Models */,
				EC032DFB246B8D3300AADEEA /* Views */,
				EC032DFA246B8D2500AADEEA /* Controllers */,
				EC032DEF246B8BF400AADEEA /* Assets.xcassets */,
				EC032DF1246B8BF400AADEEA /* LaunchScreen.storyboard */,
				EC032DF4246B8BF400AADEEA /* Info.plist */,
			);
			path = "TSE Profiler";
			sourceTree = "<group>";
		};
		EC032DFA246B8D2500AADEEA /* Controllers */ = {
			isa = PBXGroup;
			children = (
				EC032DEA246B8BF200AADEEA /* TSEListViewController.swift */,
			);
			path = Controllers;
			sourceTree = "<group>";
		};
		EC032DFB246B8D3300AADEEA /* Views */ = {
			isa = PBXGroup;
			children = (
				EC032DEC246B8BF200AADEEA /* Main.storyboard */,
			);
			path = Views;
			sourceTree = "<group>";
		};
		EC032DFC246B8D4F00AADEEA /* Models */ = {
			isa = PBXGroup;
			children = (
				EC032DFD246B941200AADEEA /* TSE.swift */,
				EC032E01246BBF1200AADEEA /* TSETasks.swift */,
			);
			path = Models;
			sourceTree = "<group>";
		};
/* End PBXGroup section */

/* Begin PBXNativeTarget section */
		EC032DE2246B8BF200AADEEA /* TSE Profiler */ = {
			isa = PBXNativeTarget;
			buildConfigurationList = EC032DF7246B8BF400AADEEA /* Build configuration list for PBXNativeTarget "TSE Profiler" */;
			buildPhases = (
				390A0B669DFD237CF91F274A /* [CP] Check Pods Manifest.lock */,
				EC032DDF246B8BF200AADEEA /* Sources */,
				EC032DE0246B8BF200AADEEA /* Frameworks */,
				EC032DE1246B8BF200AADEEA /* Resources */,
				F994D1B73CE4CB7BEA0BF71C /* [CP] Embed Pods Frameworks */,
			);
			buildRules = (
			);
			dependencies = (
			);
			name = "TSE Profiler";
			productName = "TSE Profiler";
			productReference = EC032DE3246B8BF200AADEEA /* TSE Profiler.app */;
			productType = "com.apple.product-type.application";
		};
/* End PBXNativeTarget section */

/* Begin PBXProject section */
		EC032DDB246B8BF200AADEEA /* Project object */ = {
			isa = PBXProject;
			attributes = {
				LastSwiftUpdateCheck = 1130;
				LastUpgradeCheck = 1130;
				ORGANIZATIONNAME = "Mansoor Omar";
				TargetAttributes = {
					EC032DE2246B8BF200AADEEA = {
						CreatedOnToolsVersion = 11.3;
					};
				};
			};
			buildConfigurationList = EC032DDE246B8BF200AADEEA /* Build configuration list for PBXProject "TSE Profiler" */;
			compatibilityVersion = "Xcode 9.3";
			developmentRegion = en;
			hasScannedForEncodings = 0;
			knownRegions = (
				en,
				Base,
			);
			mainGroup = EC032DDA246B8BF200AADEEA;
			productRefGroup = EC032DE4246B8BF200AADEEA /* Products */;
			projectDirPath = "";
			projectRoot = "";
			targets = (
				EC032DE2246B8BF200AADEEA /* TSE Profiler */,
			);
		};
/* End PBXProject section */

/* Begin PBXResourcesBuildPhase section */
		EC032DE1246B8BF200AADEEA /* Resources */ = {
			isa = PBXResourcesBuildPhase;
			buildActionMask = 2147483647;
			files = (
				EC032DF3246B8BF400AADEEA /* LaunchScreen.storyboard in Resources */,
				EC032DF0246B8BF400AADEEA /* Assets.xcassets in Resources */,
				EC032DEE246B8BF200AADEEA /* Main.storyboard in Resources */,
			);
			runOnlyForDeploymentPostprocessing = 0;
		};
/* End PBXResourcesBuildPhase section */

/* Begin PBXShellScriptBuildPhase section */
		390A0B669DFD237CF91F274A /* [CP] Check Pods Manifest.lock */ = {
			isa = PBXShellScriptBuildPhase;
			buildActionMask = 2147483647;
			files = (
			);
			inputFileListPaths = (
			);
			inputPaths = (
				"${PODS_PODFILE_DIR_PATH}/Podfile.lock",
				"${PODS_ROOT}/Manifest.lock",
			);
			name = "[CP] Check Pods Manifest.lock";
			outputFileListPaths = (
			);
			outputPaths = (
				"$(DERIVED_FILE_DIR)/Pods-TSE Profiler-checkManifestLockResult.txt",
			);
			runOnlyForDeploymentPostprocessing = 0;
			shellPath = /bin/sh;
			shellScript = "diff \"${PODS_PODFILE_DIR_PATH}/Podfile.lock\" \"${PODS_ROOT}/Manifest.lock\" > /dev/null\nif [ $? != 0 ] ; then\n    # print error to STDERR\n    echo \"error: The sandbox is not in sync with the Podfile.lock. Run 'pod install' or update your CocoaPods installation.\" >&2\n    exit 1\nfi\n# This output is used by Xcode 'outputs' to avoid re-running this script phase.\necho \"SUCCESS\" > \"${SCRIPT_OUTPUT_FILE_0}\"\n";
			showEnvVarsInLog = 0;
		};
		F994D1B73CE4CB7BEA0BF71C /* [CP] Embed Pods Frameworks */ = {
			isa = PBXShellScriptBuildPhase;
			buildActionMask = 2147483647;
			files = (
			);
			inputFileListPaths = (
				"${PODS_ROOT}/Target Support Files/Pods-TSE Profiler/Pods-TSE Profiler-frameworks-${CONFIGURATION}-input-files.xcfilelist",
			);
			name = "[CP] Embed Pods Frameworks";
			outputFileListPaths = (
				"${PODS_ROOT}/Target Support Files/Pods-TSE Profiler/Pods-TSE Profiler-frameworks-${CONFIGURATION}-output-files.xcfilelist",
			);
			runOnlyForDeploymentPostprocessing = 0;
			shellPath = /bin/sh;
			shellScript = "\"${PODS_ROOT}/Target Support Files/Pods-TSE Profiler/Pods-TSE Profiler-frameworks.sh\"\n";
			showEnvVarsInLog = 0;
		};
/* End PBXShellScriptBuildPhase section */

/* Begin PBXSourcesBuildPhase section */
		EC032DDF246B8BF200AADEEA /* Sources */ = {
			isa = PBXSourcesBuildPhase;
			buildActionMask = 2147483647;
			files = (
				EC032DFE246B941200AADEEA /* TSE.swift in Sources */,
				EC032DEB246B8BF200AADEEA /* TSEListViewController.swift in Sources */,
				EC032E02246BBF1200AADEEA /* TSETasks.swift in Sources */,
				EC032DE7246B8BF200AADEEA /* AppDelegate.swift in Sources */,
				EC032DE9246B8BF200AADEEA /* SceneDelegate.swift in Sources */,
			);
			runOnlyForDeploymentPostprocessing = 0;
		};
/* End PBXSourcesBuildPhase section */

/* Begin PBXVariantGroup section */
		EC032DEC246B8BF200AADEEA /* Main.storyboard */ = {
			isa = PBXVariantGroup;
			children = (
				EC032DED246B8BF200AADEEA /* Base */,
			);
			name = Main.storyboard;
			sourceTree = "<group>";
		};
		EC032DF1246B8BF400AADEEA /* LaunchScreen.storyboard */ = {
			isa = PBXVariantGroup;
			children = (
				EC032DF2246B8BF400AADEEA /* Base */,
			);
			name = LaunchScreen.storyboard;
			sourceTree = "<group>";
		};
/* End PBXVariantGroup section */

/* Begin XCBuildConfiguration section */
		EC032DF5246B8BF400AADEEA /* Debug */ = {
			isa = XCBuildConfiguration;
			buildSettings = {
				ALWAYS_SEARCH_USER_PATHS = NO;
				CLANG_ANALYZER_NONNULL = YES;
				CLANG_ANALYZER_NUMBER_OBJECT_CONVERSION = YES_AGGRESSIVE;
				CLANG_CXX_LANGUAGE_STANDARD = "gnu++14";
				CLANG_CXX_LIBRARY = "libc++";
				CLANG_ENABLE_MODULES = YES;
				CLANG_ENABLE_OBJC_ARC = YES;
				CLANG_ENABLE_OBJC_WEAK = YES;
				CLANG_WARN_BLOCK_CAPTURE_AUTORELEASING = YES;
				CLANG_WARN_BOOL_CONVERSION = YES;
				CLANG_WARN_COMMA = YES;
				CLANG_WARN_CONSTANT_CONVERSION = YES;
				CLANG_WARN_DEPRECATED_OBJC_IMPLEMENTATIONS = YES;
				CLANG_WARN_DIRECT_OBJC_ISA_USAGE = YES_ERROR;
				CLANG_WARN_DOCUMENTATION_COMMENTS = YES;
				CLANG_WARN_EMPTY_BODY = YES;
				CLANG_WARN_ENUM_CONVERSION = YES;
				CLANG_WARN_INFINITE_RECURSION = YES;
				CLANG_WARN_INT_CONVERSION = YES;
				CLANG_WARN_NON_LITERAL_NULL_CONVERSION = YES;
				CLANG_WARN_OBJC_IMPLICIT_RETAIN_SELF = YES;
				CLANG_WARN_OBJC_LITERAL_CONVERSION = YES;
				CLANG_WARN_OBJC_ROOT_CLASS = YES_ERROR;
				CLANG_WARN_RANGE_LOOP_ANALYSIS = YES;
				CLANG_WARN_STRICT_PROTOTYPES = YES;
				CLANG_WARN_SUSPICIOUS_MOVE = YES;
				CLANG_WARN_UNGUARDED_AVAILABILITY = YES_AGGRESSIVE;
				CLANG_WARN_UNREACHABLE_CODE = YES;
				CLANG_WARN__DUPLICATE_METHOD_MATCH = YES;
				COPY_PHASE_STRIP = NO;
				DEBUG_INFORMATION_FORMAT = dwarf;
				ENABLE_STRICT_OBJC_MSGSEND = YES;
				ENABLE_TESTABILITY = YES;
				GCC_C_LANGUAGE_STANDARD = gnu11;
				GCC_DYNAMIC_NO_PIC = NO;
				GCC_NO_COMMON_BLOCKS = YES;
				GCC_OPTIMIZATION_LEVEL = 0;
				GCC_PREPROCESSOR_DEFINITIONS = (
					"DEBUG=1",
					"$(inherited)",
				);
				GCC_WARN_64_TO_32_BIT_CONVERSION = YES;
				GCC_WARN_ABOUT_RETURN_TYPE = YES_ERROR;
				GCC_WARN_UNDECLARED_SELECTOR = YES;
				GCC_WARN_UNINITIALIZED_AUTOS = YES_AGGRESSIVE;
				GCC_WARN_UNUSED_FUNCTION = YES;
				GCC_WARN_UNUSED_VARIABLE = YES;
				IPHONEOS_DEPLOYMENT_TARGET = 13.2;
				MTL_ENABLE_DEBUG_INFO = INCLUDE_SOURCE;
				MTL_FAST_MATH = YES;
				ONLY_ACTIVE_ARCH = YES;
				SDKROOT = iphoneos;
				SWIFT_ACTIVE_COMPILATION_CONDITIONS = DEBUG;
				SWIFT_OPTIMIZATION_LEVEL = "-Onone";
			};
			name = Debug;
		};
		EC032DF6246B8BF400AADEEA /* Release */ = {
			isa = XCBuildConfiguration;
			buildSettings = {
				ALWAYS_SEARCH_USER_PATHS = NO;
				CLANG_ANALYZER_NONNULL = YES;
				CLANG_ANALYZER_NUMBER_OBJECT_CONVERSION = YES_AGGRESSIVE;
				CLANG_CXX_LANGUAGE_STANDARD = "gnu++14";
				CLANG_CXX_LIBRARY = "libc++";
				CLANG_ENABLE_MODULES = YES;
				CLANG_ENABLE_OBJC_ARC = YES;
				CLANG_ENABLE_OBJC_WEAK = YES;
				CLANG_WARN_BLOCK_CAPTURE_AUTORELEASING = YES;
				CLANG_WARN_BOOL_CONVERSION = YES;
				CLANG_WARN_COMMA = YES;
				CLANG_WARN_CONSTANT_CONVERSION = YES;
				CLANG_WARN_DEPRECATED_OBJC_IMPLEMENTATIONS = YES;
				CLANG_WARN_DIRECT_OBJC_ISA_USAGE = YES_ERROR;
				CLANG_WARN_DOCUMENTATION_COMMENTS = YES;
				CLANG_WARN_EMPTY_BODY = YES;
				CLANG_WARN_ENUM_CONVERSION = YES;
				CLANG_WARN_INFINITE_RECURSION = YES;
				CLANG_WARN_INT_CONVERSION = YES;
				CLANG_WARN_NON_LITERAL_NULL_CONVERSION = YES;
				CLANG_WARN_OBJC_IMPLICIT_RETAIN_SELF = YES;
				CLANG_WARN_OBJC_LITERAL_CONVERSION = YES;
				CLANG_WARN_OBJC_ROOT_CLASS = YES_ERROR;
				CLANG_WARN_RANGE_LOOP_ANALYSIS = YES;
				CLANG_WARN_STRICT_PROTOTYPES = YES;
				CLANG_WARN_SUSPICIOUS_MOVE = YES;
				CLANG_WARN_UNGUARDED_AVAILABILITY = YES_AGGRESSIVE;
				CLANG_WARN_UNREACHABLE_CODE = YES;
				CLANG_WARN__DUPLICATE_METHOD_MATCH = YES;
				COPY_PHASE_STRIP = NO;
				DEBUG_INFORMATION_FORMAT = "dwarf-with-dsym";
				ENABLE_NS_ASSERTIONS = NO;
				ENABLE_STRICT_OBJC_MSGSEND = YES;
				GCC_C_LANGUAGE_STANDARD = gnu11;
				GCC_NO_COMMON_BLOCKS = YES;
				GCC_WARN_64_TO_32_BIT_CONVERSION = YES;
				GCC_WARN_ABOUT_RETURN_TYPE = YES_ERROR;
				GCC_WARN_UNDECLARED_SELECTOR = YES;
				GCC_WARN_UNINITIALIZED_AUTOS = YES_AGGRESSIVE;
				GCC_WARN_UNUSED_FUNCTION = YES;
				GCC_WARN_UNUSED_VARIABLE = YES;
				IPHONEOS_DEPLOYMENT_TARGET = 13.2;
				MTL_ENABLE_DEBUG_INFO = NO;
				MTL_FAST_MATH = YES;
				SDKROOT = iphoneos;
				SWIFT_COMPILATION_MODE = wholemodule;
				SWIFT_OPTIMIZATION_LEVEL = "-O";
				VALIDATE_PRODUCT = YES;
			};
			name = Release;
		};
		EC032DF8246B8BF400AADEEA /* Debug */ = {
			isa = XCBuildConfiguration;
			baseConfigurationReference = FC09003B9C760E767399CB2C /* Pods-TSE Profiler.debug.xcconfig */;
			buildSettings = {
				ASSETCATALOG_COMPILER_APPICON_NAME = AppIcon;
				CODE_SIGN_STYLE = Automatic;
				DEVELOPMENT_TEAM = 8348238H64;
				INFOPLIST_FILE = "TSE Profiler/Info.plist";
				LD_RUNPATH_SEARCH_PATHS = (
					"$(inherited)",
					"@executable_path/Frameworks",
				);
				PRODUCT_BUNDLE_IDENTIFIER = "com.optimizely.manny.TSE-Profiler";
				PRODUCT_NAME = "$(TARGET_NAME)";
				SWIFT_VERSION = 5.0;
				TARGETED_DEVICE_FAMILY = "1,2";
			};
			name = Debug;
		};
		EC032DF9246B8BF400AADEEA /* Release */ = {
			isa = XCBuildConfiguration;
			baseConfigurationReference = E34A9A8F74E70F9CE63D8FDA /* Pods-TSE Profiler.release.xcconfig */;
			buildSettings = {
				ASSETCATALOG_COMPILER_APPICON_NAME = AppIcon;
				CODE_SIGN_STYLE = Automatic;
				DEVELOPMENT_TEAM = 8348238H64;
				INFOPLIST_FILE = "TSE Profiler/Info.plist";
				LD_RUNPATH_SEARCH_PATHS = (
					"$(inherited)",
					"@executable_path/Frameworks",
				);
				PRODUCT_BUNDLE_IDENTIFIER = "com.optimizely.manny.TSE-Profiler";
				PRODUCT_NAME = "$(TARGET_NAME)";
				SWIFT_VERSION = 5.0;
				TARGETED_DEVICE_FAMILY = "1,2";
			};
			name = Release;
		};
/* End XCBuildConfiguration section */

/* Begin XCConfigurationList section */
		EC032DDE246B8BF200AADEEA /* Build configuration list for PBXProject "TSE Profiler" */ = {
			isa = XCConfigurationList;
			buildConfigurations = (
				EC032DF5246B8BF400AADEEA /* Debug */,
				EC032DF6246B8BF400AADEEA /* Release */,
			);
			defaultConfigurationIsVisible = 0;
			defaultConfigurationName = Release;
		};
		EC032DF7246B8BF400AADEEA /* Build configuration list for PBXNativeTarget "TSE Profiler" */ = {
			isa = XCConfigurationList;
			buildConfigurations = (
				EC032DF8246B8BF400AADEEA /* Debug */,
				EC032DF9246B8BF400AADEEA /* Release */,
			);
			defaultConfigurationIsVisible = 0;
			defaultConfigurationName = Release;
		};
/* End XCConfigurationList section */
	};
	rootObject = EC032DDB246B8BF200AADEEA /* Project object */;
}
